
Microsoft Visual Studio Solution File, Format Version 12.00
# Visual Studio Version 17
VisualStudioVersion = 17.8.34408.163
MinimumVisualStudioVersion = 10.0.40219.1
Project("{FAE04EC0-301F-11D3-BF4B-00C04F79EFBC}") = "MauiAppTiraFoto", "MauiAppTiraFoto\MauiAppTiraFoto.csproj", "{DED9D67B-51E7-4385-A12F-4519CC740B75}"
EndProject
Global
	GlobalSection(SolutionConfigurationPlatforms) = preSolution
		Debug|Any CPU = Debug|Any CPU
		Release|Any CPU = Release|Any CPU
	EndGlobalSection
	GlobalSection(ProjectConfigurationPlatforms) = postSolution
		{DED9D67B-51E7-4385-A12F-4519CC740B75}.Debug|Any CPU.ActiveCfg = Debug|Any CPU
		{DED9D67B-51E7-4385-A12F-4519CC740B75}.Debug|Any CPU.Build.0 = Debug|Any CPU
		{DED9D67B-51E7-4385-A12F-4519CC740B75}.Debug|Any CPU.Deploy.0 = Debug|Any CPU
		{DED9D67B-51E7-4385-A12F-4519CC740B75}.Release|Any CPU.ActiveCfg = Release|Any CPU
		{DED9D67B-51E7-4385-A12F-4519CC740B75}.Release|Any CPU.Build.0 = Release|Any CPU
		{DED9D67B-51E7-4385-A12F-4519CC740B75}.Release|Any CPU.Deploy.0 = Release|Any CPU
	EndGlobalSection
	GlobalSection(SolutionProperties) = preSolution
		HideSolutionNode = FALSE
	EndGlobalSection
	GlobalSection(ExtensibilityGlobals) = postSolution
		SolutionGuid = {F24A2190-0104-4B41-83CF-62A1AD71A954}
	EndGlobalSection
EndGlobal
